
Microsoft Visual Studio Solution File, Format Version 12.00
# Visual Studio 15
VisualStudioVersion = 15.0.28010.2026
MinimumVisualStudioVersion = 10.0.40219.1
Project("{8BC9CEB8-8B4A-11D0-8D11-00A0C91BC942}") = "shrump", "shrump\shrump.vcxproj", "{3271B31D-C3D6-4460-9048-66579116F840}"
EndProject
Global
	GlobalSection(SolutionConfigurationPlatforms) = preSolution
		Debug|x64 = Debug|x64
		Debug|x86 = Debug|x86
		Release|x64 = Release|x64
		Release|x86 = Release|x86
	EndGlobalSection
	GlobalSection(ProjectConfigurationPlatforms) = postSolution
		{3271B31D-C3D6-4460-9048-66579116F840}.Debug|x64.ActiveCfg = Debug|x64
		{3271B31D-C3D6-4460-9048-66579116F840}.Debug|x64.Build.0 = Debug|x64
		{3271B31D-C3D6-4460-9048-66579116F840}.Debug|x86.ActiveCfg = Debug|Win32
		{3271B31D-C3D6-4460-9048-66579116F840}.Debug|x86.Build.0 = Debug|Win32
		{3271B31D-C3D6-4460-9048-66579116F840}.Release|x64.ActiveCfg = Release|x64
		{3271B31D-C3D6-4460-9048-66579116F840}.Release|x64.Build.0 = Release|x64
		{3271B31D-C3D6-4460-9048-66579116F840}.Release|x86.ActiveCfg = Release|Win32
		{3271B31D-C3D6-4460-9048-66579116F840}.Release|x86.Build.0 = Release|Win32
	EndGlobalSection
	GlobalSection(SolutionProperties) = preSolution
		HideSolutionNode = FALSE
	EndGlobalSection
	GlobalSection(ExtensibilityGlobals) = postSolution
		SolutionGuid = {4A59DB63-63B5-4177-9C95-7D45BD479D28}
	EndGlobalSection
EndGlobal
